
Microsoft Visual Studio Solution File, Format Version 12.00
# Visual Studio 15
VisualStudioVersion = 15.0.28010.2036
MinimumVisualStudioVersion = 10.0.40219.1
Project("{FAE04EC0-301F-11D3-BF4B-00C04F79EFBC}") = "ConsoleApp1", "ConsoleApp1\ConsoleApp1.csproj", "{8CB68B33-DD57-49D8-9C3D-EAB5F9DBDF50}"
EndProject
Project("{FAE04EC0-301F-11D3-BF4B-00C04F79EFBC}") = "Calculator", "CalculatorWindowsFormsApp\Calculator.csproj", "{30935832-55A2-42F9-8A28-2500D443F2B3}"
EndProject
Project("{FAE04EC0-301F-11D3-BF4B-00C04F79EFBC}") = "Calculator 2", "Calculator 2\Calculator 2.csproj", "{FC89E7E4-035A-45AC-979F-F5A984F40396}"
EndProject
Global
	GlobalSection(SolutionConfigurationPlatforms) = preSolution
		Debug|Any CPU = Debug|Any CPU
		Release|Any CPU = Release|Any CPU
	EndGlobalSection
	GlobalSection(ProjectConfigurationPlatforms) = postSolution
		{8CB68B33-DD57-49D8-9C3D-EAB5F9DBDF50}.Debug|Any CPU.ActiveCfg = Debug|Any CPU
		{8CB68B33-DD57-49D8-9C3D-EAB5F9DBDF50}.Debug|Any CPU.Build.0 = Debug|Any CPU
		{8CB68B33-DD57-49D8-9C3D-EAB5F9DBDF50}.Release|Any CPU.ActiveCfg = Release|Any CPU
		{8CB68B33-DD57-49D8-9C3D-EAB5F9DBDF50}.Release|Any CPU.Build.0 = Release|Any CPU
		{30935832-55A2-42F9-8A28-2500D443F2B3}.Debug|Any CPU.ActiveCfg = Debug|Any CPU
		{30935832-55A2-42F9-8A28-2500D443F2B3}.Debug|Any CPU.Build.0 = Debug|Any CPU
		{30935832-55A2-42F9-8A28-2500D443F2B3}.Release|Any CPU.ActiveCfg = Release|Any CPU
		{30935832-55A2-42F9-8A28-2500D443F2B3}.Release|Any CPU.Build.0 = Release|Any CPU
		{FC89E7E4-035A-45AC-979F-F5A984F40396}.Debug|Any CPU.ActiveCfg = Debug|Any CPU
		{FC89E7E4-035A-45AC-979F-F5A984F40396}.Debug|Any CPU.Build.0 = Debug|Any CPU
		{FC89E7E4-035A-45AC-979F-F5A984F40396}.Release|Any CPU.ActiveCfg = Release|Any CPU
		{FC89E7E4-035A-45AC-979F-F5A984F40396}.Release|Any CPU.Build.0 = Release|Any CPU
	EndGlobalSection
	GlobalSection(SolutionProperties) = preSolution
		HideSolutionNode = FALSE
	EndGlobalSection
	GlobalSection(ExtensibilityGlobals) = postSolution
		SolutionGuid = {1D9BF435-F1BE-4008-B419-39A72D9E0313}
	EndGlobalSection
EndGlobal
